
Microsoft Visual Studio Solution File, Format Version 12.00
# Visual Studio Version 16
VisualStudioVersion = 16.0.30413.136
MinimumVisualStudioVersion = 10.0.40219.1
Project("{8BC9CEB8-8B4A-11D0-8D11-00A0C91BC942}") = "AdvancedHeaps", "AdvancedHeaps\AdvancedHeaps.vcxproj", "{F3A370C9-E0DF-4027-B779-A52327883457}"
EndProject
Project("{8BC9CEB8-8B4A-11D0-8D11-00A0C91BC942}") = "MonotoneIntegerPriorityQueue", "MonotoneIntegerPriorityQueue\MonotoneIntegerPriorityQueue.vcxproj", "{43434A9B-5B16-4CDA-B971-472548CD8ED7}"
EndProject
Global
	GlobalSection(SolutionConfigurationPlatforms) = preSolution
		Debug|x64 = Debug|x64
		Debug|x86 = Debug|x86
		Release|x64 = Release|x64
		Release|x86 = Release|x86
	EndGlobalSection
	GlobalSection(ProjectConfigurationPlatforms) = postSolution
		{F3A370C9-E0DF-4027-B779-A52327883457}.Debug|x64.ActiveCfg = Debug|x64
		{F3A370C9-E0DF-4027-B779-A52327883457}.Debug|x64.Build.0 = Debug|x64
		{F3A370C9-E0DF-4027-B779-A52327883457}.Debug|x86.ActiveCfg = Debug|Win32
		{F3A370C9-E0DF-4027-B779-A52327883457}.Debug|x86.Build.0 = Debug|Win32
		{F3A370C9-E0DF-4027-B779-A52327883457}.Release|x64.ActiveCfg = Release|x64
		{F3A370C9-E0DF-4027-B779-A52327883457}.Release|x64.Build.0 = Release|x64
		{F3A370C9-E0DF-4027-B779-A52327883457}.Release|x86.ActiveCfg = Release|Win32
		{F3A370C9-E0DF-4027-B779-A52327883457}.Release|x86.Build.0 = Release|Win32
		{43434A9B-5B16-4CDA-B971-472548CD8ED7}.Debug|x64.ActiveCfg = Debug|x64
		{43434A9B-5B16-4CDA-B971-472548CD8ED7}.Debug|x64.Build.0 = Debug|x64
		{43434A9B-5B16-4CDA-B971-472548CD8ED7}.Debug|x86.ActiveCfg = Debug|Win32
		{43434A9B-5B16-4CDA-B971-472548CD8ED7}.Debug|x86.Build.0 = Debug|Win32
		{43434A9B-5B16-4CDA-B971-472548CD8ED7}.Release|x64.ActiveCfg = Release|x64
		{43434A9B-5B16-4CDA-B971-472548CD8ED7}.Release|x64.Build.0 = Release|x64
		{43434A9B-5B16-4CDA-B971-472548CD8ED7}.Release|x86.ActiveCfg = Release|Win32
		{43434A9B-5B16-4CDA-B971-472548CD8ED7}.Release|x86.Build.0 = Release|Win32
	EndGlobalSection
	GlobalSection(SolutionProperties) = preSolution
		HideSolutionNode = FALSE
	EndGlobalSection
	GlobalSection(ExtensibilityGlobals) = postSolution
		SolutionGuid = {0B8AC472-21DC-4C23-91C0-62D8E864B772}
	EndGlobalSection
EndGlobal
